
Microsoft Visual Studio Solution File, Format Version 12.00
# Visual Studio Version 18
VisualStudioVersion = 18.2.11408.102 d18.0
MinimumVisualStudioVersion = 10.0.40219.1
Project("{6EC3EE1D-3C4E-46DD-8F32-0CC8E7565705}") = "microbroker", "src\microbroker\microbroker.fsproj", "{F4CB982D-4A69-45E8-80FF-D95B969FB7A5}"
EndProject
Project("{2150E333-8FDC-42A3-9474-1A3956D46DE8}") = "src", "src", "{A2F69060-3787-4D7E-9AE3-80FEB5781A36}"
EndProject
Project("{2150E333-8FDC-42A3-9474-1A3956D46DE8}") = "build", "build", "{D9BD7922-B42C-4341-9060-A609953866BA}"
	ProjectSection(SolutionItems) = preProject
		.github\workflows\build.yml = .github\workflows\build.yml
		.github\workflows\pr-checks.yml = .github\workflows\pr-checks.yml
		.github\workflows\sca.yml = .github\workflows\sca.yml
	EndProjectSection
EndProject
Project("{2150E333-8FDC-42A3-9474-1A3956D46DE8}") = "docs", "docs", "{CB649669-0E0F-4CBD-938A-5ADBD984B0E3}"
	ProjectSection(SolutionItems) = preProject
		README.md = README.md
	EndProjectSection
EndProject
Project("{2150E333-8FDC-42A3-9474-1A3956D46DE8}") = "tests", "tests", "{543E4127-DC54-49F4-8418-E74C45203726}"
EndProject
Project("{6EC3EE1D-3C4E-46DD-8F32-0CC8E7565705}") = "microbroker.tests.unit", "tests\microbroker.tests.unit\microbroker.tests.unit.fsproj", "{AF9681B0-4065-4305-B762-65D70D787B3A}"
EndProject
Project("{2150E333-8FDC-42A3-9474-1A3956D46DE8}") = "http", "http", "{B84B698C-D52A-482F-8487-5C058B7A1E88}"
	ProjectSection(SolutionItems) = preProject
		tests\http\ApiRoutes.http = tests\http\ApiRoutes.http
	EndProjectSection
EndProject
Global
	GlobalSection(SolutionConfigurationPlatforms) = preSolution
		Debug|Any CPU = Debug|Any CPU
		Release|Any CPU = Release|Any CPU
	EndGlobalSection
	GlobalSection(ProjectConfigurationPlatforms) = postSolution
		{F4CB982D-4A69-45E8-80FF-D95B969FB7A5}.Debug|Any CPU.ActiveCfg = Debug|Any CPU
		{F4CB982D-4A69-45E8-80FF-D95B969FB7A5}.Debug|Any CPU.Build.0 = Debug|Any CPU
		{F4CB982D-4A69-45E8-80FF-D95B969FB7A5}.Release|Any CPU.ActiveCfg = Release|Any CPU
		{F4CB982D-4A69-45E8-80FF-D95B969FB7A5}.Release|Any CPU.Build.0 = Release|Any CPU
		{AF9681B0-4065-4305-B762-65D70D787B3A}.Debug|Any CPU.ActiveCfg = Debug|Any CPU
		{AF9681B0-4065-4305-B762-65D70D787B3A}.Debug|Any CPU.Build.0 = Debug|Any CPU
		{AF9681B0-4065-4305-B762-65D70D787B3A}.Release|Any CPU.ActiveCfg = Release|Any CPU
		{AF9681B0-4065-4305-B762-65D70D787B3A}.Release|Any CPU.Build.0 = Release|Any CPU
	EndGlobalSection
	GlobalSection(SolutionProperties) = preSolution
		HideSolutionNode = FALSE
	EndGlobalSection
	GlobalSection(NestedProjects) = preSolution
		{F4CB982D-4A69-45E8-80FF-D95B969FB7A5} = {A2F69060-3787-4D7E-9AE3-80FEB5781A36}
		{AF9681B0-4065-4305-B762-65D70D787B3A} = {543E4127-DC54-49F4-8418-E74C45203726}
		{B84B698C-D52A-482F-8487-5C058B7A1E88} = {543E4127-DC54-49F4-8418-E74C45203726}
	EndGlobalSection
	GlobalSection(ExtensibilityGlobals) = postSolution
		SolutionGuid = {12BB7038-534F-44A1-B33A-E50506C59B81}
	EndGlobalSection
EndGlobal
